{
  "name": "strava_heatmaps",
  "version": "1.0.0",
  "lockfileVersion": 1,
  "requires": true,
  "dependencies": {
    "leaflet": {
      "version": "1.6.0",
      "resolved": "https://registry.npmjs.org/leaflet/-/leaflet-1.6.0.tgz",
      "integrity": "sha512-CPkhyqWUKZKFJ6K8umN5/D2wrJ2+/8UIpXppY7QDnUZW5bZL5+SEI2J7GBpwh4LIupOKqbNSQXgqmrEJopHVNQ=="
    },
    "moment": {
      "version": "2.27.0",
      "resolved": "https://registry.npmjs.org/moment/-/moment-2.27.0.tgz",
      "integrity": "sha512-al0MUK7cpIcglMv3YF13qSgdAIqxHTO7brRtaz3DlSULbqfazqkc5kEjNrLDOM7fsjshoFIihnU8snrP7zUvhQ=="
    },
    "polyline-encoded": {
      "version": "0.0.9",
      "resolved": "https://registry.npmjs.org/polyline-encoded/-/polyline-encoded-0.0.9.tgz",
      "integrity": "sha512-xv6ONShzZdcISK6IT8x3IqsqxPq7HRqcPJ80V4et4hMolIRct5s/5dtUkfO7hGZEeKtWZ1fK7/fKur8gbd4fvg=="
    }
  }
}
